
Microsoft Visual Studio Solution File, Format Version 12.00
# Visual Studio Version 17
VisualStudioVersion = 17.11.35431.28
MinimumVisualStudioVersion = 10.0.40219.1
Project("{9A19103F-16F7-4668-BE54-9A1E7A4F7556}") = "Poyraz.EntityFramework", "src\Poyraz.EntityFramework\Poyraz.EntityFramework.csproj", "{7EB46B6E-5B26-4AFB-AE31-1B768A209B50}"
EndProject
Project("{9A19103F-16F7-4668-BE54-9A1E7A4F7556}") = "Poyraz.Helpers.Primitives", "src\Poyraz.Helpers.Primitives\Poyraz.Helpers.Primitives.csproj", "{BF89845C-3143-4629-ACE0-B3795BC4F603}"
EndProject
Global
	GlobalSection(SolutionConfigurationPlatforms) = preSolution
		Debug|Any CPU = Debug|Any CPU
		Release|Any CPU = Release|Any CPU
	EndGlobalSection
	GlobalSection(ProjectConfigurationPlatforms) = postSolution
		{7EB46B6E-5B26-4AFB-AE31-1B768A209B50}.Debug|Any CPU.ActiveCfg = Debug|Any CPU
		{7EB46B6E-5B26-4AFB-AE31-1B768A209B50}.Debug|Any CPU.Build.0 = Debug|Any CPU
		{7EB46B6E-5B26-4AFB-AE31-1B768A209B50}.Release|Any CPU.ActiveCfg = Release|Any CPU
		{7EB46B6E-5B26-4AFB-AE31-1B768A209B50}.Release|Any CPU.Build.0 = Release|Any CPU
		{BF89845C-3143-4629-ACE0-B3795BC4F603}.Debug|Any CPU.ActiveCfg = Debug|Any CPU
		{BF89845C-3143-4629-ACE0-B3795BC4F603}.Debug|Any CPU.Build.0 = Debug|Any CPU
		{BF89845C-3143-4629-ACE0-B3795BC4F603}.Release|Any CPU.ActiveCfg = Release|Any CPU
		{BF89845C-3143-4629-ACE0-B3795BC4F603}.Release|Any CPU.Build.0 = Release|Any CPU
	EndGlobalSection
	GlobalSection(SolutionProperties) = preSolution
		HideSolutionNode = FALSE
	EndGlobalSection
	GlobalSection(ExtensibilityGlobals) = postSolution
		SolutionGuid = {B5419B8E-B66B-46EA-B048-EC73B8DE185A}
	EndGlobalSection
EndGlobal
